
Microsoft Visual Studio Solution File, Format Version 12.00
# Visual Studio 15
VisualStudioVersion = 15.0.27130.2010
MinimumVisualStudioVersion = 10.0.40219.1
Project("{FAE04EC0-301F-11D3-BF4B-00C04F79EFBC}") = "BigNum", "BigNum\BigNum.csproj", "{939FADCC-DB69-4A91-A833-CD57BB45BD86}"
EndProject
Project("{8BC9CEB8-8B4A-11D0-8D11-00A0C91BC942}") = "Math", "Math\Math.vcxproj", "{50D79947-F69B-49AA-92F7-1DB9643034DD}"
EndProject
Global
	GlobalSection(SolutionConfigurationPlatforms) = preSolution
		Debug|Any CPU = Debug|Any CPU
		Debug|x64 = Debug|x64
		Debug|x86 = Debug|x86
		Release|Any CPU = Release|Any CPU
		Release|x64 = Release|x64
		Release|x86 = Release|x86
	EndGlobalSection
	GlobalSection(ProjectConfigurationPlatforms) = postSolution
		{939FADCC-DB69-4A91-A833-CD57BB45BD86}.Debug|Any CPU.ActiveCfg = Debug|Any CPU
		{939FADCC-DB69-4A91-A833-CD57BB45BD86}.Debug|Any CPU.Build.0 = Debug|Any CPU
		{939FADCC-DB69-4A91-A833-CD57BB45BD86}.Debug|x64.ActiveCfg = Debug|Any CPU
		{939FADCC-DB69-4A91-A833-CD57BB45BD86}.Debug|x64.Build.0 = Debug|Any CPU
		{939FADCC-DB69-4A91-A833-CD57BB45BD86}.Debug|x86.ActiveCfg = Debug|Any CPU
		{939FADCC-DB69-4A91-A833-CD57BB45BD86}.Debug|x86.Build.0 = Debug|Any CPU
		{939FADCC-DB69-4A91-A833-CD57BB45BD86}.Release|Any CPU.ActiveCfg = Release|Any CPU
		{939FADCC-DB69-4A91-A833-CD57BB45BD86}.Release|Any CPU.Build.0 = Release|Any CPU
		{939FADCC-DB69-4A91-A833-CD57BB45BD86}.Release|x64.ActiveCfg = Release|Any CPU
		{939FADCC-DB69-4A91-A833-CD57BB45BD86}.Release|x64.Build.0 = Release|Any CPU
		{939FADCC-DB69-4A91-A833-CD57BB45BD86}.Release|x86.ActiveCfg = Release|Any CPU
		{939FADCC-DB69-4A91-A833-CD57BB45BD86}.Release|x86.Build.0 = Release|Any CPU
		{50D79947-F69B-49AA-92F7-1DB9643034DD}.Debug|Any CPU.ActiveCfg = Debug|Win32
		{50D79947-F69B-49AA-92F7-1DB9643034DD}.Debug|x64.ActiveCfg = Debug|x64
		{50D79947-F69B-49AA-92F7-1DB9643034DD}.Debug|x64.Build.0 = Debug|x64
		{50D79947-F69B-49AA-92F7-1DB9643034DD}.Debug|x86.ActiveCfg = Debug|Win32
		{50D79947-F69B-49AA-92F7-1DB9643034DD}.Debug|x86.Build.0 = Debug|Win32
		{50D79947-F69B-49AA-92F7-1DB9643034DD}.Release|Any CPU.ActiveCfg = Release|Win32
		{50D79947-F69B-49AA-92F7-1DB9643034DD}.Release|x64.ActiveCfg = Release|x64
		{50D79947-F69B-49AA-92F7-1DB9643034DD}.Release|x64.Build.0 = Release|x64
		{50D79947-F69B-49AA-92F7-1DB9643034DD}.Release|x86.ActiveCfg = Release|Win32
		{50D79947-F69B-49AA-92F7-1DB9643034DD}.Release|x86.Build.0 = Release|Win32
	EndGlobalSection
	GlobalSection(SolutionProperties) = preSolution
		HideSolutionNode = FALSE
	EndGlobalSection
	GlobalSection(ExtensibilityGlobals) = postSolution
		SolutionGuid = {C9C8CE91-9B84-47C3-A66E-8509A3DAAF6D}
	EndGlobalSection
EndGlobal
